
Microsoft Visual Studio Solution File, Format Version 12.00
# Visual Studio Version 17
VisualStudioVersion = 17.11.35303.130
MinimumVisualStudioVersion = 10.0.40219.1
Project("{2150E333-8FDC-42A3-9474-1A3956D46DE8}") = "Solution Items", "Solution Items", "{089100B1-113F-4E66-888A-E83F3999EAFD}"
	ProjectSection(SolutionItems) = preProject
		..\.editorconfig = ..\.editorconfig
		Directory.Packages.props = Directory.Packages.props
	EndProjectSection
EndProject
Project("{2150E333-8FDC-42A3-9474-1A3956D46DE8}") = "src", "src", "{827E0CD3-B72D-47B6-A68D-7590B98EB39B}"
EndProject
Project("{2150E333-8FDC-42A3-9474-1A3956D46DE8}") = "Aspire", "Aspire", "{52BF7FB6-37FF-5100-EFD1-124EFF302675}"
EndProject
Project("{2150E333-8FDC-42A3-9474-1A3956D46DE8}") = "NotificationService", "NotificationService", "{9ED238A0-938C-9A3F-DDEA-9079E74DEC51}"
EndProject
Project("{2150E333-8FDC-42A3-9474-1A3956D46DE8}") = "OrderService", "OrderService", "{D5064FC8-1F49-54B6-E1C8-B23A6140528A}"
EndProject
Project("{2150E333-8FDC-42A3-9474-1A3956D46DE8}") = "ProductService", "ProductService", "{F34E43FA-627A-8966-7BCB-0DBE3D5440B1}"
EndProject
Project("{2150E333-8FDC-42A3-9474-1A3956D46DE8}") = "Shared", "Shared", "{C8E42992-5E42-0C2B-DBFE-AA848D06431C}"
EndProject
Project("{2150E333-8FDC-42A3-9474-1A3956D46DE8}") = "ShippingService", "ShippingService", "{7B4DAF42-993B-FF1F-E85F-F2E193B763EC}"
EndProject
Project("{2150E333-8FDC-42A3-9474-1A3956D46DE8}") = "UserService", "UserService", "{CB753486-031C-08A7-C788-4C8CBC49DED1}"
EndProject
Project("{2150E333-8FDC-42A3-9474-1A3956D46DE8}") = "tests", "tests", "{0AB3BF05-4346-4AA6-1389-037BE0695223}"
EndProject
Project("{9A19103F-16F7-4668-BE54-9A1E7A4F7556}") = "NotificationService.Api", "NotificationService\NotificationService.Api\NotificationService.Api.csproj", "{6DB1140D-A8DF-A0C0-A2F2-1031E8FF9A94}"
EndProject
Project("{9A19103F-16F7-4668-BE54-9A1E7A4F7556}") = "OrderService.Api", "OrderService\OrderService.Api\OrderService.Api.csproj", "{26B561EA-E2EE-0824-15E0-7533A6A67B40}"
EndProject
Project("{9A19103F-16F7-4668-BE54-9A1E7A4F7556}") = "ProductService.Api", "ProductService\ProductService.Api\ProductService.Api.csproj", "{3C13873B-916C-82F6-B772-2AE143B70384}"
EndProject
Project("{9A19103F-16F7-4668-BE54-9A1E7A4F7556}") = "Shared.Infra.CQRS", "Shared\Shared.Infra.CQRS\Shared.Infra.CQRS.csproj", "{13D8C62E-E92D-1566-7132-5744C40F066C}"
EndProject
Project("{9A19103F-16F7-4668-BE54-9A1E7A4F7556}") = "ShippingService.Api", "ShippingService\ShippingService.Api\ShippingService.Api.csproj", "{A1F80DC9-A8F3-B9D4-8E39-C6D226A5281E}"
EndProject
Project("{9A19103F-16F7-4668-BE54-9A1E7A4F7556}") = "UserService.Api", "UserService\UserService.Api\UserService.Api.csproj", "{66BDF35C-7F4D-7E0D-7D49-1AD5A855B1C4}"
EndProject
Project("{9A19103F-16F7-4668-BE54-9A1E7A4F7556}") = "UserService.Events", "UserService\UserService.Events\UserService.Events.csproj", "{C1ED8B98-A1FE-0128-855B-10C20AB21B55}"
EndProject
Project("{2150E333-8FDC-42A3-9474-1A3956D46DE8}") = "Clients", "Clients", "{1140D120-84F8-4366-9226-7C3832B33497}"
EndProject
Project("{54A90642-561A-4BB1-A94E-469ADEE60C69}") = "onlineshop", "Clients\onlineshop\onlineshop.esproj", "{F18D8147-E758-4139-A05F-480991802F0C}"
EndProject
Project("{9A19103F-16F7-4668-BE54-9A1E7A4F7556}") = "UserService.Data", "UserService\UserService.Data\UserService.Data.csproj", "{2F8282A7-21BB-400A-815D-3E842B1B22C5}"
EndProject
Project("{9A19103F-16F7-4668-BE54-9A1E7A4F7556}") = "UserService.Domain", "UserService\UserService.Domain\UserService.Domain.csproj", "{1718ADA3-B38E-415E-A458-B521BA3313EA}"
EndProject
Project("{FAE04EC0-301F-11D3-BF4B-00C04F79EFBC}") = "UserService.Contracts", "UserService\UserService.Contracts\UserService.Contracts.csproj", "{081EA8D1-FD53-43A4-AE33-BD8F49CE78C1}"
EndProject
Project("{FAE04EC0-301F-11D3-BF4B-00C04F79EFBC}") = "UserService.Application", "UserService\UserService.Application\UserService.Application.csproj", "{CEC7AD9F-1D11-4E59-A22A-712590AFFA72}"
EndProject
Project("{FAE04EC0-301F-11D3-BF4B-00C04F79EFBC}") = "EShop.AppHost", "Aspire\EShop.AppHost\EShop.AppHost.csproj", "{C600DC1B-81E7-4E97-AD6E-9CEB1465D99C}"
EndProject
Project("{FAE04EC0-301F-11D3-BF4B-00C04F79EFBC}") = "EShop.ServiceDefaults", "Aspire\EShop.ServiceDefaults\EShop.ServiceDefaults.csproj", "{34377272-AAC8-49F6-84A3-8741BC92EA95}"
EndProject
Project("{FAE04EC0-301F-11D3-BF4B-00C04F79EFBC}") = "UserService.DbMigrator", "UserService\UserService.DbMigrator\UserService.DbMigrator.csproj", "{B722CE6D-3299-4DAE-9DFE-CAFBF18C4D3B}"
EndProject
Project("{FAE04EC0-301F-11D3-BF4B-00C04F79EFBC}") = "ProductService.Domain", "ProductService\ProductService.Domain\ProductService.Domain.csproj", "{9EDEAAF8-82FE-4EE9-A204-A169B915512A}"
EndProject
Project("{FAE04EC0-301F-11D3-BF4B-00C04F79EFBC}") = "ProductService.Data", "ProductService\ProductService.Data\ProductService.Data.csproj", "{F854DF3A-F727-439A-845C-11D9613B2F8E}"
EndProject
Project("{FAE04EC0-301F-11D3-BF4B-00C04F79EFBC}") = "Shared.Api", "Shared\Shared.Api\Shared.Api.csproj", "{FE010E08-EBC6-4DB7-9C21-747D7F1741BC}"
EndProject
Project("{FAE04EC0-301F-11D3-BF4B-00C04F79EFBC}") = "Shared.Data.Migrator", "Shared\Shared.Data.Migrator\Shared.Data.Migrator.csproj", "{46D0A72F-BF6E-4EDE-9F35-3B15F97F0996}"
EndProject
Project("{FAE04EC0-301F-11D3-BF4B-00C04F79EFBC}") = "ProductService.Migrator", "ProductService\ProductService.Migrator\ProductService.Migrator.csproj", "{60F4A470-525A-4F47-BBFC-54DE1B16BFD3}"
EndProject
Project("{FAE04EC0-301F-11D3-BF4B-00C04F79EFBC}") = "ProductService.Contracts", "ProductService\ProductService.Contracts\ProductService.Contracts.csproj", "{1C67074A-3062-43CE-83E2-C04314DEE015}"
EndProject
Global
	GlobalSection(SolutionConfigurationPlatforms) = preSolution
		Debug|Any CPU = Debug|Any CPU
		Release|Any CPU = Release|Any CPU
	EndGlobalSection
	GlobalSection(ProjectConfigurationPlatforms) = postSolution
		{6DB1140D-A8DF-A0C0-A2F2-1031E8FF9A94}.Debug|Any CPU.ActiveCfg = Debug|Any CPU
		{6DB1140D-A8DF-A0C0-A2F2-1031E8FF9A94}.Debug|Any CPU.Build.0 = Debug|Any CPU
		{6DB1140D-A8DF-A0C0-A2F2-1031E8FF9A94}.Release|Any CPU.ActiveCfg = Release|Any CPU
		{6DB1140D-A8DF-A0C0-A2F2-1031E8FF9A94}.Release|Any CPU.Build.0 = Release|Any CPU
		{26B561EA-E2EE-0824-15E0-7533A6A67B40}.Debug|Any CPU.ActiveCfg = Debug|Any CPU
		{26B561EA-E2EE-0824-15E0-7533A6A67B40}.Debug|Any CPU.Build.0 = Debug|Any CPU
		{26B561EA-E2EE-0824-15E0-7533A6A67B40}.Release|Any CPU.ActiveCfg = Release|Any CPU
		{26B561EA-E2EE-0824-15E0-7533A6A67B40}.Release|Any CPU.Build.0 = Release|Any CPU
		{3C13873B-916C-82F6-B772-2AE143B70384}.Debug|Any CPU.ActiveCfg = Debug|Any CPU
		{3C13873B-916C-82F6-B772-2AE143B70384}.Debug|Any CPU.Build.0 = Debug|Any CPU
		{3C13873B-916C-82F6-B772-2AE143B70384}.Release|Any CPU.ActiveCfg = Release|Any CPU
		{3C13873B-916C-82F6-B772-2AE143B70384}.Release|Any CPU.Build.0 = Release|Any CPU
		{13D8C62E-E92D-1566-7132-5744C40F066C}.Debug|Any CPU.ActiveCfg = Debug|Any CPU
		{13D8C62E-E92D-1566-7132-5744C40F066C}.Debug|Any CPU.Build.0 = Debug|Any CPU
		{13D8C62E-E92D-1566-7132-5744C40F066C}.Release|Any CPU.ActiveCfg = Release|Any CPU
		{13D8C62E-E92D-1566-7132-5744C40F066C}.Release|Any CPU.Build.0 = Release|Any CPU
		{A1F80DC9-A8F3-B9D4-8E39-C6D226A5281E}.Debug|Any CPU.ActiveCfg = Debug|Any CPU
		{A1F80DC9-A8F3-B9D4-8E39-C6D226A5281E}.Debug|Any CPU.Build.0 = Debug|Any CPU
		{A1F80DC9-A8F3-B9D4-8E39-C6D226A5281E}.Release|Any CPU.ActiveCfg = Release|Any CPU
		{A1F80DC9-A8F3-B9D4-8E39-C6D226A5281E}.Release|Any CPU.Build.0 = Release|Any CPU
		{66BDF35C-7F4D-7E0D-7D49-1AD5A855B1C4}.Debug|Any CPU.ActiveCfg = Debug|Any CPU
		{66BDF35C-7F4D-7E0D-7D49-1AD5A855B1C4}.Debug|Any CPU.Build.0 = Debug|Any CPU
		{66BDF35C-7F4D-7E0D-7D49-1AD5A855B1C4}.Release|Any CPU.ActiveCfg = Release|Any CPU
		{66BDF35C-7F4D-7E0D-7D49-1AD5A855B1C4}.Release|Any CPU.Build.0 = Release|Any CPU
		{C1ED8B98-A1FE-0128-855B-10C20AB21B55}.Debug|Any CPU.ActiveCfg = Debug|Any CPU
		{C1ED8B98-A1FE-0128-855B-10C20AB21B55}.Debug|Any CPU.Build.0 = Debug|Any CPU
		{C1ED8B98-A1FE-0128-855B-10C20AB21B55}.Release|Any CPU.ActiveCfg = Release|Any CPU
		{C1ED8B98-A1FE-0128-855B-10C20AB21B55}.Release|Any CPU.Build.0 = Release|Any CPU
		{F18D8147-E758-4139-A05F-480991802F0C}.Debug|Any CPU.ActiveCfg = Debug|Any CPU
		{F18D8147-E758-4139-A05F-480991802F0C}.Debug|Any CPU.Build.0 = Debug|Any CPU
		{F18D8147-E758-4139-A05F-480991802F0C}.Debug|Any CPU.Deploy.0 = Debug|Any CPU
		{F18D8147-E758-4139-A05F-480991802F0C}.Release|Any CPU.ActiveCfg = Release|Any CPU
		{F18D8147-E758-4139-A05F-480991802F0C}.Release|Any CPU.Build.0 = Release|Any CPU
		{F18D8147-E758-4139-A05F-480991802F0C}.Release|Any CPU.Deploy.0 = Release|Any CPU
		{2F8282A7-21BB-400A-815D-3E842B1B22C5}.Debug|Any CPU.ActiveCfg = Debug|Any CPU
		{2F8282A7-21BB-400A-815D-3E842B1B22C5}.Debug|Any CPU.Build.0 = Debug|Any CPU
		{2F8282A7-21BB-400A-815D-3E842B1B22C5}.Release|Any CPU.ActiveCfg = Release|Any CPU
		{2F8282A7-21BB-400A-815D-3E842B1B22C5}.Release|Any CPU.Build.0 = Release|Any CPU
		{1718ADA3-B38E-415E-A458-B521BA3313EA}.Debug|Any CPU.ActiveCfg = Debug|Any CPU
		{1718ADA3-B38E-415E-A458-B521BA3313EA}.Debug|Any CPU.Build.0 = Debug|Any CPU
		{1718ADA3-B38E-415E-A458-B521BA3313EA}.Release|Any CPU.ActiveCfg = Release|Any CPU
		{1718ADA3-B38E-415E-A458-B521BA3313EA}.Release|Any CPU.Build.0 = Release|Any CPU
		{081EA8D1-FD53-43A4-AE33-BD8F49CE78C1}.Debug|Any CPU.ActiveCfg = Debug|Any CPU
		{081EA8D1-FD53-43A4-AE33-BD8F49CE78C1}.Debug|Any CPU.Build.0 = Debug|Any CPU
		{081EA8D1-FD53-43A4-AE33-BD8F49CE78C1}.Release|Any CPU.ActiveCfg = Release|Any CPU
		{081EA8D1-FD53-43A4-AE33-BD8F49CE78C1}.Release|Any CPU.Build.0 = Release|Any CPU
		{CEC7AD9F-1D11-4E59-A22A-712590AFFA72}.Debug|Any CPU.ActiveCfg = Debug|Any CPU
		{CEC7AD9F-1D11-4E59-A22A-712590AFFA72}.Debug|Any CPU.Build.0 = Debug|Any CPU
		{CEC7AD9F-1D11-4E59-A22A-712590AFFA72}.Release|Any CPU.ActiveCfg = Release|Any CPU
		{CEC7AD9F-1D11-4E59-A22A-712590AFFA72}.Release|Any CPU.Build.0 = Release|Any CPU
		{C600DC1B-81E7-4E97-AD6E-9CEB1465D99C}.Debug|Any CPU.ActiveCfg = Debug|Any CPU
		{C600DC1B-81E7-4E97-AD6E-9CEB1465D99C}.Debug|Any CPU.Build.0 = Debug|Any CPU
		{C600DC1B-81E7-4E97-AD6E-9CEB1465D99C}.Release|Any CPU.ActiveCfg = Release|Any CPU
		{C600DC1B-81E7-4E97-AD6E-9CEB1465D99C}.Release|Any CPU.Build.0 = Release|Any CPU
		{34377272-AAC8-49F6-84A3-8741BC92EA95}.Debug|Any CPU.ActiveCfg = Debug|Any CPU
		{34377272-AAC8-49F6-84A3-8741BC92EA95}.Debug|Any CPU.Build.0 = Debug|Any CPU
		{34377272-AAC8-49F6-84A3-8741BC92EA95}.Release|Any CPU.ActiveCfg = Release|Any CPU
		{34377272-AAC8-49F6-84A3-8741BC92EA95}.Release|Any CPU.Build.0 = Release|Any CPU
		{B722CE6D-3299-4DAE-9DFE-CAFBF18C4D3B}.Debug|Any CPU.ActiveCfg = Debug|Any CPU
		{B722CE6D-3299-4DAE-9DFE-CAFBF18C4D3B}.Debug|Any CPU.Build.0 = Debug|Any CPU
		{B722CE6D-3299-4DAE-9DFE-CAFBF18C4D3B}.Release|Any CPU.ActiveCfg = Release|Any CPU
		{B722CE6D-3299-4DAE-9DFE-CAFBF18C4D3B}.Release|Any CPU.Build.0 = Release|Any CPU
		{9EDEAAF8-82FE-4EE9-A204-A169B915512A}.Debug|Any CPU.ActiveCfg = Debug|Any CPU
		{9EDEAAF8-82FE-4EE9-A204-A169B915512A}.Debug|Any CPU.Build.0 = Debug|Any CPU
		{9EDEAAF8-82FE-4EE9-A204-A169B915512A}.Release|Any CPU.ActiveCfg = Release|Any CPU
		{9EDEAAF8-82FE-4EE9-A204-A169B915512A}.Release|Any CPU.Build.0 = Release|Any CPU
		{F854DF3A-F727-439A-845C-11D9613B2F8E}.Debug|Any CPU.ActiveCfg = Debug|Any CPU
		{F854DF3A-F727-439A-845C-11D9613B2F8E}.Debug|Any CPU.Build.0 = Debug|Any CPU
		{F854DF3A-F727-439A-845C-11D9613B2F8E}.Release|Any CPU.ActiveCfg = Release|Any CPU
		{F854DF3A-F727-439A-845C-11D9613B2F8E}.Release|Any CPU.Build.0 = Release|Any CPU
		{FE010E08-EBC6-4DB7-9C21-747D7F1741BC}.Debug|Any CPU.ActiveCfg = Debug|Any CPU
		{FE010E08-EBC6-4DB7-9C21-747D7F1741BC}.Debug|Any CPU.Build.0 = Debug|Any CPU
		{FE010E08-EBC6-4DB7-9C21-747D7F1741BC}.Release|Any CPU.ActiveCfg = Release|Any CPU
		{FE010E08-EBC6-4DB7-9C21-747D7F1741BC}.Release|Any CPU.Build.0 = Release|Any CPU
		{46D0A72F-BF6E-4EDE-9F35-3B15F97F0996}.Debug|Any CPU.ActiveCfg = Debug|Any CPU
		{46D0A72F-BF6E-4EDE-9F35-3B15F97F0996}.Debug|Any CPU.Build.0 = Debug|Any CPU
		{46D0A72F-BF6E-4EDE-9F35-3B15F97F0996}.Release|Any CPU.ActiveCfg = Release|Any CPU
		{46D0A72F-BF6E-4EDE-9F35-3B15F97F0996}.Release|Any CPU.Build.0 = Release|Any CPU
		{60F4A470-525A-4F47-BBFC-54DE1B16BFD3}.Debug|Any CPU.ActiveCfg = Debug|Any CPU
		{60F4A470-525A-4F47-BBFC-54DE1B16BFD3}.Debug|Any CPU.Build.0 = Debug|Any CPU
		{60F4A470-525A-4F47-BBFC-54DE1B16BFD3}.Release|Any CPU.ActiveCfg = Release|Any CPU
		{60F4A470-525A-4F47-BBFC-54DE1B16BFD3}.Release|Any CPU.Build.0 = Release|Any CPU
		{1C67074A-3062-43CE-83E2-C04314DEE015}.Debug|Any CPU.ActiveCfg = Debug|Any CPU
		{1C67074A-3062-43CE-83E2-C04314DEE015}.Debug|Any CPU.Build.0 = Debug|Any CPU
		{1C67074A-3062-43CE-83E2-C04314DEE015}.Release|Any CPU.ActiveCfg = Release|Any CPU
		{1C67074A-3062-43CE-83E2-C04314DEE015}.Release|Any CPU.Build.0 = Release|Any CPU
	EndGlobalSection
	GlobalSection(SolutionProperties) = preSolution
		HideSolutionNode = FALSE
	EndGlobalSection
	GlobalSection(NestedProjects) = preSolution
		{52BF7FB6-37FF-5100-EFD1-124EFF302675} = {827E0CD3-B72D-47B6-A68D-7590B98EB39B}
		{9ED238A0-938C-9A3F-DDEA-9079E74DEC51} = {827E0CD3-B72D-47B6-A68D-7590B98EB39B}
		{D5064FC8-1F49-54B6-E1C8-B23A6140528A} = {827E0CD3-B72D-47B6-A68D-7590B98EB39B}
		{F34E43FA-627A-8966-7BCB-0DBE3D5440B1} = {827E0CD3-B72D-47B6-A68D-7590B98EB39B}
		{C8E42992-5E42-0C2B-DBFE-AA848D06431C} = {827E0CD3-B72D-47B6-A68D-7590B98EB39B}
		{7B4DAF42-993B-FF1F-E85F-F2E193B763EC} = {827E0CD3-B72D-47B6-A68D-7590B98EB39B}
		{CB753486-031C-08A7-C788-4C8CBC49DED1} = {827E0CD3-B72D-47B6-A68D-7590B98EB39B}
		{6DB1140D-A8DF-A0C0-A2F2-1031E8FF9A94} = {9ED238A0-938C-9A3F-DDEA-9079E74DEC51}
		{26B561EA-E2EE-0824-15E0-7533A6A67B40} = {D5064FC8-1F49-54B6-E1C8-B23A6140528A}
		{3C13873B-916C-82F6-B772-2AE143B70384} = {F34E43FA-627A-8966-7BCB-0DBE3D5440B1}
		{13D8C62E-E92D-1566-7132-5744C40F066C} = {C8E42992-5E42-0C2B-DBFE-AA848D06431C}
		{A1F80DC9-A8F3-B9D4-8E39-C6D226A5281E} = {7B4DAF42-993B-FF1F-E85F-F2E193B763EC}
		{66BDF35C-7F4D-7E0D-7D49-1AD5A855B1C4} = {CB753486-031C-08A7-C788-4C8CBC49DED1}
		{C1ED8B98-A1FE-0128-855B-10C20AB21B55} = {CB753486-031C-08A7-C788-4C8CBC49DED1}
		{1140D120-84F8-4366-9226-7C3832B33497} = {827E0CD3-B72D-47B6-A68D-7590B98EB39B}
		{F18D8147-E758-4139-A05F-480991802F0C} = {1140D120-84F8-4366-9226-7C3832B33497}
		{2F8282A7-21BB-400A-815D-3E842B1B22C5} = {CB753486-031C-08A7-C788-4C8CBC49DED1}
		{1718ADA3-B38E-415E-A458-B521BA3313EA} = {CB753486-031C-08A7-C788-4C8CBC49DED1}
		{081EA8D1-FD53-43A4-AE33-BD8F49CE78C1} = {CB753486-031C-08A7-C788-4C8CBC49DED1}
		{CEC7AD9F-1D11-4E59-A22A-712590AFFA72} = {CB753486-031C-08A7-C788-4C8CBC49DED1}
		{C600DC1B-81E7-4E97-AD6E-9CEB1465D99C} = {52BF7FB6-37FF-5100-EFD1-124EFF302675}
		{34377272-AAC8-49F6-84A3-8741BC92EA95} = {52BF7FB6-37FF-5100-EFD1-124EFF302675}
		{B722CE6D-3299-4DAE-9DFE-CAFBF18C4D3B} = {CB753486-031C-08A7-C788-4C8CBC49DED1}
		{9EDEAAF8-82FE-4EE9-A204-A169B915512A} = {F34E43FA-627A-8966-7BCB-0DBE3D5440B1}
		{F854DF3A-F727-439A-845C-11D9613B2F8E} = {F34E43FA-627A-8966-7BCB-0DBE3D5440B1}
		{FE010E08-EBC6-4DB7-9C21-747D7F1741BC} = {C8E42992-5E42-0C2B-DBFE-AA848D06431C}
		{46D0A72F-BF6E-4EDE-9F35-3B15F97F0996} = {C8E42992-5E42-0C2B-DBFE-AA848D06431C}
		{60F4A470-525A-4F47-BBFC-54DE1B16BFD3} = {F34E43FA-627A-8966-7BCB-0DBE3D5440B1}
		{1C67074A-3062-43CE-83E2-C04314DEE015} = {F34E43FA-627A-8966-7BCB-0DBE3D5440B1}
	EndGlobalSection
	GlobalSection(ExtensibilityGlobals) = postSolution
		SolutionGuid = {F940373A-D8CB-48DA-B556-8C7D32FEFA30}
	EndGlobalSection
EndGlobal
